
Microsoft Visual Studio Solution File, Format Version 12.00
# Visual Studio Version 16
VisualStudioVersion = 16.0.31702.278
MinimumVisualStudioVersion = 10.0.40219.1
Project("{FAE04EC0-301F-11D3-BF4B-00C04F79EFBC}") = "CapaPresentacion", "CapaPresentacion\CapaPresentacion.csproj", "{0FE2C284-2734-4B09-A468-87C523B87AC4}"
EndProject
Project("{FAE04EC0-301F-11D3-BF4B-00C04F79EFBC}") = "CapaNegocio", "CapaNegocio\CapaNegocio.csproj", "{73906CFB-6AEC-4E5B-A6E6-AB12E9E21DFD}"
EndProject
Project("{FAE04EC0-301F-11D3-BF4B-00C04F79EFBC}") = "CapaDatos", "CapaDatos\CapaDatos.csproj", "{EDC36B82-61CC-44C4-BC10-668EB4028F0A}"
EndProject
Global
	GlobalSection(SolutionConfigurationPlatforms) = preSolution
		Debug|Any CPU = Debug|Any CPU
		Release|Any CPU = Release|Any CPU
	EndGlobalSection
	GlobalSection(ProjectConfigurationPlatforms) = postSolution
		{0FE2C284-2734-4B09-A468-87C523B87AC4}.Debug|Any CPU.ActiveCfg = Debug|Any CPU
		{0FE2C284-2734-4B09-A468-87C523B87AC4}.Debug|Any CPU.Build.0 = Debug|Any CPU
		{0FE2C284-2734-4B09-A468-87C523B87AC4}.Release|Any CPU.ActiveCfg = Release|Any CPU
		{0FE2C284-2734-4B09-A468-87C523B87AC4}.Release|Any CPU.Build.0 = Release|Any CPU
		{73906CFB-6AEC-4E5B-A6E6-AB12E9E21DFD}.Debug|Any CPU.ActiveCfg = Debug|Any CPU
		{73906CFB-6AEC-4E5B-A6E6-AB12E9E21DFD}.Debug|Any CPU.Build.0 = Debug|Any CPU
		{73906CFB-6AEC-4E5B-A6E6-AB12E9E21DFD}.Release|Any CPU.ActiveCfg = Release|Any CPU
		{73906CFB-6AEC-4E5B-A6E6-AB12E9E21DFD}.Release|Any CPU.Build.0 = Release|Any CPU
		{EDC36B82-61CC-44C4-BC10-668EB4028F0A}.Debug|Any CPU.ActiveCfg = Debug|Any CPU
		{EDC36B82-61CC-44C4-BC10-668EB4028F0A}.Debug|Any CPU.Build.0 = Debug|Any CPU
		{EDC36B82-61CC-44C4-BC10-668EB4028F0A}.Release|Any CPU.ActiveCfg = Release|Any CPU
		{EDC36B82-61CC-44C4-BC10-668EB4028F0A}.Release|Any CPU.Build.0 = Release|Any CPU
	EndGlobalSection
	GlobalSection(SolutionProperties) = preSolution
		HideSolutionNode = FALSE
	EndGlobalSection
	GlobalSection(ExtensibilityGlobals) = postSolution
		SolutionGuid = {0F5AC273-7BA2-4D93-AC9B-C283AC40C0D8}
	EndGlobalSection
EndGlobal
